// !$*UTF8*$!
{
	archiveVersion = 1;
	classes = {
	};
	objectVersion = 46;
	objects = {

/* Begin PBXBuildFile section */
		3CEAC7F21A1BCF13003A577C /* AppDelegate.swift in Sources */ = {isa = PBXBuildFile; fileRef = 3CEAC7F11A1BCF13003A577C /* AppDelegate.swift */; };
		3CEAC7F41A1BCF13003A577C /* ViewController.swift in Sources */ = {isa = PBXBuildFile; fileRef = 3CEAC7F31A1BCF13003A577C /* ViewController.swift */; };
		3CEAC7F71A1BCF13003A577C /* Main.storyboard in Resources */ = {isa = PBXBuildFile; fileRef = 3CEAC7F51A1BCF13003A577C /* Main.storyboard */; };
		3CEAC7F91A1BCF13003A577C /* Images.xcassets in Resources */ = {isa = PBXBuildFile; fileRef = 3CEAC7F81A1BCF13003A577C /* Images.xcassets */; };
		3CEAC7FC1A1BCF13003A577C /* LaunchScreen.xib in Resources */ = {isa = PBXBuildFile; fileRef = 3CEAC7FA1A1BCF13003A577C /* LaunchScreen.xib */; };
		3CEAC8081A1BCF13003A577C /* PostCardTests.swift in Sources */ = {isa = PBXBuildFile; fileRef = 3CEAC8071A1BCF13003A577C /* PostCardTests.swift */; };
/* End PBXBuildFile section */

/* Begin PBXContainerItemProxy section */
		3CEAC8021A1BCF13003A577C /* PBXContainerItemProxy */ = {
			isa = PBXContainerItemProxy;
			containerPortal = 3CEAC7E41A1BCF13003A577C /* Project object */;
			proxyType = 1;
			remoteGlobalIDString = 3CEAC7EB1A1BCF13003A577C;
			remoteInfo = PostCard;
		};
/* End PBXContainerItemProxy section */

/* Begin PBXFileReference section */
		3CEAC7EC1A1BCF13003A577C /* PostCard.app */ = {isa = PBXFileReference; explicitFileType = wrapper.application; includeInIndex = 0; path = PostCard.app; sourceTree = BUILT_PRODUCTS_DIR; };
		3CEAC7F01A1BCF13003A577C /* Info.plist */ = {isa = PBXFileReference; lastKnownFileType = text.plist.xml; path = Info.plist; sourceTree = "<group>"; };
		3CEAC7F11A1BCF13003A577C /* AppDelegate.swift */ = {isa = PBXFileReference; lastKnownFileType = sourcecode.swift; path = AppDelegate.swift; sourceTree = "<group>"; };
		3CEAC7F31A1BCF13003A577C /* ViewController.swift */ = {isa = PBXFileReference; lastKnownFileType = sourcecode.swift; path = ViewController.swift; sourceTree = "<group>"; };
		3CEAC7F61A1BCF13003A577C /* Base */ = {isa = PBXFileReference; lastKnownFileType = file.storyboard; name = Base; path = Base.lproj/Main.storyboard; sourceTree = "<group>"; };
		3CEAC7F81A1BCF13003A577C /* Images.xcassets */ = {isa = PBXFileReference; lastKnownFileType = folder.assetcatalog; path = Images.xcassets; sourceTree = "<group>"; };
		3CEAC7FB1A1BCF13003A577C /* Base */ = {isa = PBXFileReference; lastKnownFileType = file.xib; name = Base; path = Base.lproj/LaunchScreen.xib; sourceTree = "<group>"; };
		3CEAC8011A1BCF13003A577C /* PostCardTests.xctest */ = {isa = PBXFileReference; explicitFileType = wrapper.cfbundle; includeInIndex = 0; path = PostCardTests.xctest; sourceTree = BUILT_PRODUCTS_DIR; };
		3CEAC8061A1BCF13003A577C /* Info.plist */ = {isa = PBXFileReference; lastKnownFileType = text.plist.xml; path = Info.plist; sourceTree = "<group>"; };
		3CEAC8071A1BCF13003A577C /* PostCardTests.swift */ = {isa = PBXFileReference; lastKnownFileType = sourcecode.swift; path = PostCardTests.swift; sourceTree = "<group>"; };
/* End PBXFileReference section */

/* Begin PBXFrameworksBuildPhase section */
		3CEAC7E91A1BCF13003A577C /* Frameworks */ = {
			isa = PBXFrameworksBuildPhase;
			buildActionMask = 2147483647;
			files = (
			);
			runOnlyForDeploymentPostprocessing = 0;
		};
		3CEAC7FE1A1BCF13003A577C /* Frameworks */ = {
			isa = PBXFrameworksBuildPhase;
			buildActionMask = 2147483647;
			files = (
			);
			runOnlyForDeploymentPostprocessing = 0;
		};
/* End PBXFrameworksBuildPhase section */

/* Begin PBXGroup section */
		3CEAC7E31A1BCF13003A577C = {
			isa = PBXGroup;
			children = (
				3CEAC7EE1A1BCF13003A577C /* PostCard */,
				3CEAC8041A1BCF13003A577C /* PostCardTests */,
				3CEAC7ED1A1BCF13003A577C /* Products */,
			);
			sourceTree = "<group>";
		};
		3CEAC7ED1A1BCF13003A577C /* Products */ = {
			isa = PBXGroup;
			children = (
				3CEAC7EC1A1BCF13003A577C /* PostCard.app */,
				3CEAC8011A1BCF13003A577C /* PostCardTests.xctest */,
			);
			name = Products;
			sourceTree = "<group>";
		};
		3CEAC7EE1A1BCF13003A577C /* PostCard */ = {
			isa = PBXGroup;
			children = (
				3CEAC7F11A1BCF13003A577C /* AppDelegate.swift */,
				3CEAC7F31A1BCF13003A577C /* ViewController.swift */,
				3CEAC7F51A1BCF13003A577C /* Main.storyboard */,
				3CEAC7F81A1BCF13003A577C /* Images.xcassets */,
				3CEAC7FA1A1BCF13003A577C /* LaunchScreen.xib */,
				3CEAC7EF1A1BCF13003A577C /* Supporting Files */,
			);
			path = PostCard;
			sourceTree = "<group>";
		};
		3CEAC7EF1A1BCF13003A577C /* Supporting Files */ = {
			isa = PBXGroup;
			children = (
				3CEAC7F01A1BCF13003A577C /* Info.plist */,
			);
			name = "Supporting Files";
			sourceTree = "<group>";
		};
		3CEAC8041A1BCF13003A577C /* PostCardTests */ = {
			isa = PBXGroup;
			children = (
				3CEAC8071A1BCF13003A577C /* PostCardTests.swift */,
				3CEAC8051A1BCF13003A577C /* Supporting Files */,
			);
			path = PostCardTests;
			sourceTree = "<group>";
		};
		3CEAC8051A1BCF13003A577C /* Supporting Files */ = {
			isa = PBXGroup;
			children = (
				3CEAC8061A1BCF13003A577C /* Info.plist */,
			);
			name = "Supporting Files";
			sourceTree = "<group>";
		};
/* End PBXGroup section */

/* Begin PBXNativeTarget section */
		3CEAC7EB1A1BCF13003A577C /* PostCard */ = {
			isa = PBXNativeTarget;
			buildConfigurationList = 3CEAC80B1A1BCF13003A577C /* Build configuration list for PBXNativeTarget "PostCard" */;
			buildPhases = (
				3CEAC7E81A1BCF13003A577C /* Sources */,
				3CEAC7E91A1BCF13003A577C /* Frameworks */,
				3CEAC7EA1A1BCF13003A577C /* Resources */,
			);
			buildRules = (
			);
			dependencies = (
			);
			name = PostCard;
			productName = PostCard;
			productReference = 3CEAC7EC1A1BCF13003A577C /* PostCard.app */;
			productType = "com.apple.product-type.application";
		};
		3CEAC8001A1BCF13003A577C /* PostCardTests */ = {
			isa = PBXNativeTarget;
			buildConfigurationList = 3CEAC80E1A1BCF13003A577C /* Build configuration list for PBXNativeTarget "PostCardTests" */;
			buildPhases = (
				3CEAC7FD1A1BCF13003A577C /* Sources */,
				3CEAC7FE1A1BCF13003A577C /* Frameworks */,
				3CEAC7FF1A1BCF13003A577C /* Resources */,
			);
			buildRules = (
			);
			dependencies = (
				3CEAC8031A1BCF13003A577C /* PBXTargetDependency */,
			);
			name = PostCardTests;
			productName = PostCardTests;
			productReference = 3CEAC8011A1BCF13003A577C /* PostCardTests.xctest */;
			productType = "com.apple.product-type.bundle.unit-test";
		};
/* End PBXNativeTarget section */

/* Begin PBXProject section */
		3CEAC7E41A1BCF13003A577C /* Project object */ = {
			isa = PBXProject;
			attributes = {
				LastUpgradeCheck = 0610;
				ORGANIZATIONNAME = "ElephantFig Studios";
				TargetAttributes = {
					3CEAC7EB1A1BCF13003A577C = {
						CreatedOnToolsVersion = 6.1;
					};
					3CEAC8001A1BCF13003A577C = {
						CreatedOnToolsVersion = 6.1;
						TestTargetID = 3CEAC7EB1A1BCF13003A577C;
					};
				};
			};
			buildConfigurationList = 3CEAC7E71A1BCF13003A577C /* Build configuration list for PBXProject "PostCard" */;
			compatibilityVersion = "Xcode 3.2";
			developmentRegion = English;
			hasScannedForEncodings = 0;
			knownRegions = (
				en,
				Base,
			);
			mainGroup = 3CEAC7E31A1BCF13003A577C;
			productRefGroup = 3CEAC7ED1A1BCF13003A577C /* Products */;
			projectDirPath = "";
			projectRoot = "";
			targets = (
				3CEAC7EB1A1BCF13003A577C /* PostCard */,
				3CEAC8001A1BCF13003A577C /* PostCardTests */,
			);
		};
/* End PBXProject section */

/* Begin PBXResourcesBuildPhase section */
		3CEAC7EA1A1BCF13003A577C /* Resources */ = {
			isa = PBXResourcesBuildPhase;
			buildActionMask = 2147483647;
			files = (
				3CEAC7F71A1BCF13003A577C /* Main.storyboard in Resources */,
				3CEAC7FC1A1BCF13003A577C /* LaunchScreen.xib in Resources */,
				3CEAC7F91A1BCF13003A577C /* Images.xcassets in Resources */,
			);
			runOnlyForDeploymentPostprocessing = 0;
		};
		3CEAC7FF1A1BCF13003A577C /* Resources */ = {
			isa = PBXResourcesBuildPhase;
			buildActionMask = 2147483647;
			files = (
			);
			runOnlyForDeploymentPostprocessing = 0;
		};
/* End PBXResourcesBuildPhase section */

/* Begin PBXSourcesBuildPhase section */
		3CEAC7E81A1BCF13003A577C /* Sources */ = {
			isa = PBXSourcesBuildPhase;
			buildActionMask = 2147483647;
			files = (
				3CEAC7F41A1BCF13003A577C /* ViewController.swift in Sources */,
				3CEAC7F21A1BCF13003A577C /* AppDelegate.swift in Sources */,
			);
			runOnlyForDeploymentPostprocessing = 0;
		};
		3CEAC7FD1A1BCF13003A577C /* Sources */ = {
			isa = PBXSourcesBuildPhase;
			buildActionMask = 2147483647;
			files = (
				3CEAC8081A1BCF13003A577C /* PostCardTests.swift in Sources */,
			);
			runOnlyForDeploymentPostprocessing = 0;
		};
/* End PBXSourcesBuildPhase section */

/* Begin PBXTargetDependency section */
		3CEAC8031A1BCF13003A577C /* PBXTargetDependency */ = {
			isa = PBXTargetDependency;
			target = 3CEAC7EB1A1BCF13003A577C /* PostCard */;
			targetProxy = 3CEAC8021A1BCF13003A577C /* PBXContainerItemProxy */;
		};
/* End PBXTargetDependency section */

/* Begin PBXVariantGroup section */
		3CEAC7F51A1BCF13003A577C /* Main.storyboard */ = {
			isa = PBXVariantGroup;
			children = (
				3CEAC7F61A1BCF13003A577C /* Base */,
			);
			name = Main.storyboard;
			sourceTree = "<group>";
		};
		3CEAC7FA1A1BCF13003A577C /* LaunchScreen.xib */ = {
			isa = PBXVariantGroup;
			children = (
				3CEAC7FB1A1BCF13003A577C /* Base */,
			);
			name = LaunchScreen.xib;
			sourceTree = "<group>";
		};
/* End PBXVariantGroup section */

/* Begin XCBuildConfiguration section */
		3CEAC8091A1BCF13003A577C /* Debug */ = {
			isa = XCBuildConfiguration;
			buildSettings = {
				ALWAYS_SEARCH_USER_PATHS = NO;
				CLANG_CXX_LANGUAGE_STANDARD = "gnu++0x";
				CLANG_CXX_LIBRARY = "libc++";
				CLANG_ENABLE_MODULES = YES;
				CLANG_ENABLE_OBJC_ARC = YES;
				CLANG_WARN_BOOL_CONVERSION = YES;
				CLANG_WARN_CONSTANT_CONVERSION = YES;
				CLANG_WARN_DIRECT_OBJC_ISA_USAGE = YES_ERROR;
				CLANG_WARN_EMPTY_BODY = YES;
				CLANG_WARN_ENUM_CONVERSION = YES;
				CLANG_WARN_INT_CONVERSION = YES;
				CLANG_WARN_OBJC_ROOT_CLASS = YES_ERROR;
				CLANG_WARN_UNREACHABLE_CODE = YES;
				CLANG_WARN__DUPLICATE_METHOD_MATCH = YES;
				"CODE_SIGN_IDENTITY[sdk=iphoneos*]" = "iPhone Developer";
				COPY_PHASE_STRIP = NO;
				ENABLE_STRICT_OBJC_MSGSEND = YES;
				GCC_C_LANGUAGE_STANDARD = gnu99;
				GCC_DYNAMIC_NO_PIC = NO;
				GCC_OPTIMIZATION_LEVEL = 0;
				GCC_PREPROCESSOR_DEFINITIONS = (
					"DEBUG=1",
					"$(inherited)",
				);
				GCC_SYMBOLS_PRIVATE_EXTERN = NO;
				GCC_WARN_64_TO_32_BIT_CONVERSION = YES;
				GCC_WARN_ABOUT_RETURN_TYPE = YES_ERROR;
				GCC_WARN_UNDECLARED_SELECTOR = YES;
				GCC_WARN_UNINITIALIZED_AUTOS = YES_AGGRESSIVE;
				GCC_WARN_UNUSED_FUNCTION = YES;
				GCC_WARN_UNUSED_VARIABLE = YES;
				IPHONEOS_DEPLOYMENT_TARGET = 8.1;
				MTL_ENABLE_DEBUG_INFO = YES;
				ONLY_ACTIVE_ARCH = YES;
				SDKROOT = iphoneos;
				SWIFT_OPTIMIZATION_LEVEL = "-Onone";
				TARGETED_DEVICE_FAMILY = "1,2";
			};
			name = Debug;
		};
		3CEAC80A1A1BCF13003A577C /* Release */ = {
			isa = XCBuildConfiguration;
			buildSettings = {
				ALWAYS_SEARCH_USER_PATHS = NO;
				CLANG_CXX_LANGUAGE_STANDARD = "gnu++0x";
				CLANG_CXX_LIBRARY = "libc++";
				CLANG_ENABLE_MODULES = YES;
				CLANG_ENABLE_OBJC_ARC = YES;
				CLANG_WARN_BOOL_CONVERSION = YES;
				CLANG_WARN_CONSTANT_CONVERSION = YES;
				CLANG_WARN_DIRECT_OBJC_ISA_USAGE = YES_ERROR;
				CLANG_WARN_EMPTY_BODY = YES;
				CLANG_WARN_ENUM_CONVERSION = YES;
				CLANG_WARN_INT_CONVERSION = YES;
				CLANG_WARN_OBJC_ROOT_CLASS = YES_ERROR;
				CLANG_WARN_UNREACHABLE_CODE = YES;
				CLANG_WARN__DUPLICATE_METHOD_MATCH = YES;
				"CODE_SIGN_IDENTITY[sdk=iphoneos*]" = "iPhone Developer";
				COPY_PHASE_STRIP = YES;
				ENABLE_NS_ASSERTIONS = NO;
				ENABLE_STRICT_OBJC_MSGSEND = YES;
				GCC_C_LANGUAGE_STANDARD = gnu99;
				GCC_WARN_64_TO_32_BIT_CONVERSION = YES;
				GCC_WARN_ABOUT_RETURN_TYPE = YES_ERROR;
				GCC_WARN_UNDECLARED_SELECTOR = YES;
				GCC_WARN_UNINITIALIZED_AUTOS = YES_AGGRESSIVE;
				GCC_WARN_UNUSED_FUNCTION = YES;
				GCC_WARN_UNUSED_VARIABLE = YES;
				IPHONEOS_DEPLOYMENT_TARGET = 8.1;
				MTL_ENABLE_DEBUG_INFO = NO;
				SDKROOT = iphoneos;
				TARGETED_DEVICE_FAMILY = "1,2";
				VALIDATE_PRODUCT = YES;
			};
			name = Release;
		};
		3CEAC80C1A1BCF13003A577C /* Debug */ = {
			isa = XCBuildConfiguration;
			buildSettings = {
				ASSETCATALOG_COMPILER_APPICON_NAME = AppIcon;
				INFOPLIST_FILE = PostCard/Info.plist;
				LD_RUNPATH_SEARCH_PATHS = "$(inherited) @executable_path/Frameworks";
				PRODUCT_NAME = "$(TARGET_NAME)";
			};
			name = Debug;
		};
		3CEAC80D1A1BCF13003A577C /* Release */ = {
			isa = XCBuildConfiguration;
			buildSettings = {
				ASSETCATALOG_COMPILER_APPICON_NAME = AppIcon;
				INFOPLIST_FILE = PostCard/Info.plist;
				LD_RUNPATH_SEARCH_PATHS = "$(inherited) @executable_path/Frameworks";
				PRODUCT_NAME = "$(TARGET_NAME)";
			};
			name = Release;
		};
		3CEAC80F1A1BCF13003A577C /* Debug */ = {
			isa = XCBuildConfiguration;
			buildSettings = {
				BUNDLE_LOADER = "$(TEST_HOST)";
				FRAMEWORK_SEARCH_PATHS = (
					"$(SDKROOT)/Developer/Library/Frameworks",
					"$(inherited)",
				);
				GCC_PREPROCESSOR_DEFINITIONS = (
					"DEBUG=1",
					"$(inherited)",
				);
				INFOPLIST_FILE = PostCardTests/Info.plist;
				LD_RUNPATH_SEARCH_PATHS = "$(inherited) @executable_path/Frameworks @loader_path/Frameworks";
				PRODUCT_NAME = "$(TARGET_NAME)";
				TEST_HOST = "$(BUILT_PRODUCTS_DIR)/PostCard.app/PostCard";
			};
			name = Debug;
		};
		3CEAC8101A1BCF13003A577C /* Release */ = {
			isa = XCBuildConfiguration;
			buildSettings = {
				BUNDLE_LOADER = "$(TEST_HOST)";
				FRAMEWORK_SEARCH_PATHS = (
					"$(SDKROOT)/Developer/Library/Frameworks",
					"$(inherited)",
				);
				INFOPLIST_FILE = PostCardTests/Info.plist;
				LD_RUNPATH_SEARCH_PATHS = "$(inherited) @executable_path/Frameworks @loader_path/Frameworks";
				PRODUCT_NAME = "$(TARGET_NAME)";
				TEST_HOST = "$(BUILT_PRODUCTS_DIR)/PostCard.app/PostCard";
			};
			name = Release;
		};
/* End XCBuildConfiguration section */

/* Begin XCConfigurationList section */
		3CEAC7E71A1BCF13003A577C /* Build configuration list for PBXProject "PostCard" */ = {
			isa = XCConfigurationList;
			buildConfigurations = (
				3CEAC8091A1BCF13003A577C /* Debug */,
				3CEAC80A1A1BCF13003A577C /* Release */,
			);
			defaultConfigurationIsVisible = 0;
			defaultConfigurationName = Release;
		};
		3CEAC80B1A1BCF13003A577C /* Build configuration list for PBXNativeTarget "PostCard" */ = {
			isa = XCConfigurationList;
			buildConfigurations = (
				3CEAC80C1A1BCF13003A577C /* Debug */,
				3CEAC80D1A1BCF13003A577C /* Release */,
			);
			defaultConfigurationIsVisible = 0;
		};
		3CEAC80E1A1BCF13003A577C /* Build configuration list for PBXNativeTarget "PostCardTests" */ = {
			isa = XCConfigurationList;
			buildConfigurations = (
				3CEAC80F1A1BCF13003A577C /* Debug */,
				3CEAC8101A1BCF13003A577C /* Release */,
			);
			defaultConfigurationIsVisible = 0;
		};
/* End XCConfigurationList section */
	};
	rootObject = 3CEAC7E41A1BCF13003A577C /* Project object */;
}
